
Microsoft Visual Studio Solution File, Format Version 12.00
# Visual Studio Version 16
VisualStudioVersion = 16.0.29926.136
MinimumVisualStudioVersion = 10.0.40219.1
Project("{FAE04EC0-301F-11D3-BF4B-00C04F79EFBC}") = "_BotName", "_BotName\_BotName.csproj", "{ACA0FF56-21DA-4427-84C2-37C30316BA43}"
EndProject
Project("{FAE04EC0-301F-11D3-BF4B-00C04F79EFBC}") = "_BotNameTest", "_BotNameTest\_BotNameTest.csproj", "{62E138B9-0900-4C0F-B86D-4D895CE0EEDD}"
EndProject
Global
	GlobalSection(SolutionConfigurationPlatforms) = preSolution
		Debug|Any CPU = Debug|Any CPU
		Release|Any CPU = Release|Any CPU
	EndGlobalSection
	GlobalSection(ProjectConfigurationPlatforms) = postSolution
		{ACA0FF56-21DA-4427-84C2-37C30316BA43}.Debug|Any CPU.ActiveCfg = Debug|Any CPU
		{ACA0FF56-21DA-4427-84C2-37C30316BA43}.Debug|Any CPU.Build.0 = Debug|Any CPU
		{ACA0FF56-21DA-4427-84C2-37C30316BA43}.Release|Any CPU.ActiveCfg = Release|Any CPU
		{ACA0FF56-21DA-4427-84C2-37C30316BA43}.Release|Any CPU.Build.0 = Release|Any CPU
		{62E138B9-0900-4C0F-B86D-4D895CE0EEDD}.Debug|Any CPU.ActiveCfg = Debug|Any CPU
		{62E138B9-0900-4C0F-B86D-4D895CE0EEDD}.Debug|Any CPU.Build.0 = Debug|Any CPU
		{62E138B9-0900-4C0F-B86D-4D895CE0EEDD}.Release|Any CPU.ActiveCfg = Release|Any CPU
		{62E138B9-0900-4C0F-B86D-4D895CE0EEDD}.Release|Any CPU.Build.0 = Release|Any CPU
	EndGlobalSection
	GlobalSection(SolutionProperties) = preSolution
		HideSolutionNode = FALSE
	EndGlobalSection
	GlobalSection(ExtensibilityGlobals) = postSolution
		SolutionGuid = {B2458218-3DA1-421B-B6D7-8E167B7C950C}
	EndGlobalSection
EndGlobal
